
Microsoft Visual Studio Solution File, Format Version 12.00
# Visual Studio Version 17
VisualStudioVersion = 17.2.32505.173
MinimumVisualStudioVersion = 10.0.40219.1
Project("{888888A0-9F3D-457C-B088-3A5042F75D52}") = "DigitalSolutionsPrototype", "DigitalSolutionsPrototype\DigitalSolutionsPrototype.pyproj", "{B5FF772B-F817-4AE8-A2F5-B633B165925A}"
EndProject
Global
	GlobalSection(SolutionConfigurationPlatforms) = preSolution
		Debug|Any CPU = Debug|Any CPU
		Release|Any CPU = Release|Any CPU
	EndGlobalSection
	GlobalSection(ProjectConfigurationPlatforms) = postSolution
		{B5FF772B-F817-4AE8-A2F5-B633B165925A}.Debug|Any CPU.ActiveCfg = Debug|Any CPU
		{B5FF772B-F817-4AE8-A2F5-B633B165925A}.Debug|Any CPU.Build.0 = Debug|Any CPU
		{B5FF772B-F817-4AE8-A2F5-B633B165925A}.Release|Any CPU.ActiveCfg = Release|Any CPU
		{B5FF772B-F817-4AE8-A2F5-B633B165925A}.Release|Any CPU.Build.0 = Release|Any CPU
	EndGlobalSection
	GlobalSection(SolutionProperties) = preSolution
		HideSolutionNode = FALSE
	EndGlobalSection
	GlobalSection(ExtensibilityGlobals) = postSolution
		SolutionGuid = {1FED2289-4921-4219-96EF-3C36D1A33F9D}
	EndGlobalSection
EndGlobal
